PODS:
  - AFNetworking (3.1.0):
    - AFNetworking/NSURLSession (= 3.1.0)
    - AFNetworking/Reachability (= 3.1.0)
    - AFNetworking/Security (= 3.1.0)
    - AFNetworking/Serialization (= 3.1.0)
    - AFNetworking/UIKit (= 3.1.0)
  - AFNetworking/NSURLSession (3.1.0):
    - AFNetworking/Reachability
    - AFNetworking/Security
    - AFNetworking/Serialization
  - AFNetworking/Reachability (3.1.0)
  - AFNetworking/Security (3.1.0)
  - AFNetworking/Serialization (3.1.0)
  - AFNetworking/UIKit (3.1.0):
    - AFNetworking/NSURLSession
  - Bolts/Tasks (1.8.4)
  - Material (2.6.1):
    - Material/Core (= 2.6.1)
  - Material/Capture (2.6.1):
    - Material/Core
  - Material/Core (2.6.1)
  - Material/Photos (2.6.1):
    - Material/Core
  - Parse (1.14.2):
    - Bolts/Tasks (~> 1.8)

DEPENDENCIES:
  - AFNetworking
  - Material (~> 2.0)
  - Material/Capture (~> 2.0)
  - Material/Photos (~> 2.0)
  - Parse

SPEC CHECKSUMS:
  AFNetworking: 5e0e199f73d8626b11e79750991f5d173d1f8b67
  Bolts: 8a7995239dbe724f9cba2248b766d48b7ebdd322
  Material: 42f8ac592669b1a01c1ac7c6fae895e4f308f74a
  Parse: 4335d65f40cb3d43190d723144bbe1afb9c38230

PODFILE CHECKSUM: 7d0fa974658ea9dbb43a9a596f1315e4f5abcc0c

COCOAPODS: 1.2.0
